
Microsoft Visual Studio Solution File, Format Version 12.00
# Visual Studio Version 16
VisualStudioVersion = 16.0.29503.13
MinimumVisualStudioVersion = 10.0.40219.1
Project("{FAE04EC0-301F-11D3-BF4B-00C04F79EFBC}") = "ContainerShip", "algorithm\ContainerShip.csproj", "{978CD55D-EBF7-4A0A-95D7-0283DB432264}"
EndProject
Project("{FAE04EC0-301F-11D3-BF4B-00C04F79EFBC}") = "UnittestContainerShip", "ship\UnittestContainerShip.csproj", "{4D933B2B-3ADF-408F-9169-6C0DF84DE706}"
EndProject
Global
	GlobalSection(SolutionConfigurationPlatforms) = preSolution
		Debug|Any CPU = Debug|Any CPU
		Release|Any CPU = Release|Any CPU
	EndGlobalSection
	GlobalSection(ProjectConfigurationPlatforms) = postSolution
		{978CD55D-EBF7-4A0A-95D7-0283DB432264}.Debug|Any CPU.ActiveCfg = Debug|Any CPU
		{978CD55D-EBF7-4A0A-95D7-0283DB432264}.Debug|Any CPU.Build.0 = Debug|Any CPU
		{978CD55D-EBF7-4A0A-95D7-0283DB432264}.Release|Any CPU.ActiveCfg = Release|Any CPU
		{978CD55D-EBF7-4A0A-95D7-0283DB432264}.Release|Any CPU.Build.0 = Release|Any CPU
		{4D933B2B-3ADF-408F-9169-6C0DF84DE706}.Debug|Any CPU.ActiveCfg = Debug|Any CPU
		{4D933B2B-3ADF-408F-9169-6C0DF84DE706}.Debug|Any CPU.Build.0 = Debug|Any CPU
		{4D933B2B-3ADF-408F-9169-6C0DF84DE706}.Release|Any CPU.ActiveCfg = Release|Any CPU
		{4D933B2B-3ADF-408F-9169-6C0DF84DE706}.Release|Any CPU.Build.0 = Release|Any CPU
	EndGlobalSection
	GlobalSection(SolutionProperties) = preSolution
		HideSolutionNode = FALSE
	EndGlobalSection
	GlobalSection(ExtensibilityGlobals) = postSolution
		SolutionGuid = {07194C94-B7D7-4A09-9E95-AFC56BC6B80F}
	EndGlobalSection
EndGlobal
